
Microsoft Visual Studio Solution File, Format Version 12.00
# Visual Studio 15
Project("{FAE04EC0-301F-11D3-BF4B-00C04F79EFBC}") = "Assembly-CSharp", "Assembly-CSharp.csproj", "{BF83DB65-FC80-59B1-588D-92044345E7CB}"
EndProject
Global
	GlobalSection(SolutionConfigurationPlatforms) = preSolution
		Debug|Any CPU = Debug|Any CPU
		Release|Any CPU = Release|Any CPU
	EndGlobalSection
	GlobalSection(ProjectConfigurationPlatforms) = postSolution
		{BF83DB65-FC80-59B1-588D-92044345E7CB}.Debug|Any CPU.ActiveCfg = Debug|Any CPU
		{BF83DB65-FC80-59B1-588D-92044345E7CB}.Debug|Any CPU.Build.0 = Debug|Any CPU
		{BF83DB65-FC80-59B1-588D-92044345E7CB}.Release|Any CPU.ActiveCfg = Release|Any CPU
		{BF83DB65-FC80-59B1-588D-92044345E7CB}.Release|Any CPU.Build.0 = Release|Any CPU
	EndGlobalSection
	GlobalSection(SolutionProperties) = preSolution
		HideSolutionNode = FALSE
	EndGlobalSection
EndGlobal
